github.com/antithesishq/antithesis-sdk-go v0.7.0-default-no-op h1:Z/MZK75wC/NSrkgqeNIa7jexam9uWzhLmFTSCPI/kn0=
github.com/antithesishq/antithesis-sdk-go v0.7.0-default-no-op/go.mod h1:FQyySiasQQM8735Ddel3MRojmy4dA1IqCeyJ5jmPMbI=
github.com/davecgh/go-spew v1.1.1 h1:vj9j/u1bqnvCEfJOwUhtlOARqs3+rkHYY13jYWTU97c=
github.com/davecgh/go-spew v1.1.1/go.mod h1:J7Y8YcW2NihsgmVo/mv3lAwl/skON4iLHjSsI+c5H38=
github.com/goccy/go-yaml v1.19.2 h1:PmFC1S6h8ljIz6gMRBopkjP1TVT7xuwrButHID66PoM=
github.com/goccy/go-yaml v1.19.2/go.mod h1:XBurs7gK8ATbW4ZPGKgcbrY1Br56PdM69F7LkFRi1kA=
github.com/google/go-tpm v0.9.8 h1:slArAR9Ft+1ybZu0lBwpSmpwhRXaa85hWtMinMyRAWo=
github.com/google/go-tpm v0.9.8/go.mod h1:h9jEsEECg7gtLis0upRBQU+GhYVH6jMjrFxI8u6bVUY=
github.com/klauspost/compress v1.18.6 h1:2jupLlAwFm95+YDR+NwD2MEfFO9d4z4Prjl1XXDjuao=
github.com/klauspost/compress v1.18.6/go.mod h1:cwPg85FWrGar70rWktvGQj8/hthj3wpl0PGDogxkrSQ=
github.com/minio/highwayhash v1.0.4 h1:asJizugGgchQod2ja9NJlGOWq4s7KsAWr5XUc9Clgl4=
github.com/minio/highwayhash v1.0.4/go.mod h1:GGYsuwP/fPD6Y9hMiXuapVvlIUEhFhMTh0rxU3ik1LQ=
github.com/nats-io/jwt/v2 v2.8.2 h1:XXRgB60MSTnqsRwejQurVDs/hcv2dkt+86GjI+I/bMc=
github.com/nats-io/jwt/v2 v2.8.2/go.mod h1:Ag/56sq9OblL4JgdYufDd16Egb17Kr/8WwwuO/forVc=
github.com/nats-io/nats-server/v2 v2.14.3 h1:+xjydPt7rkit67G+04TN0mcO2n+8nveZE7tK/PPV53A=
github.com/nats-io/nats-server/v2 v2.14.3/go.mod h1:5IlCtBzfwyzQzPMjmoJ9W2/LKmnJRtNyuOs/OT+NHDY=
github.com/nats-io/nats.go v1.52.0 h1:n3avV4VBsCgsdwh71TppsTwtv+QdPs7ntSKM8qJLGsc=
github.com/nats-io/nats.go v1.52.0/go.mod h1:26HypzazeOkyO3/mqd1zZd53STJN0EjCYF9Uy2ZOBno=
github.com/nats-io/nkeys v0.4.16 h1:rd5oAuLOb8mnAycB0xleuEBNS1pVVnN0fv/FF34Eypg=
github.com/nats-io/nkeys v0.4.16/go.mod h1:llLgWoI0o4z/Q57q2R1kHfmocyhGV6VG/U18Glg1Afs=
github.com/nats-io/nuid v1.0.1 h1:5iA8DT8V7q8WK2EScv2padNa/rTESc1KdnPw4TC2paw=
github.com/nats-io/nuid v1.0.1/go.mod h1:19wcPz3Ph3q0Jbyiqsd0kePYG7A95tJPxeL+1OSON2c=
github.com/pmezard/go-difflib v1.0.0 h1:4DBwDE0NGyQoBHbLQYPwSUPoCMWR5BEzIk/f1lZbAQM=
github.com/pmezard/go-difflib v1.0.0/go.mod h1:iKH77koFhYxTK1pcRnkKkqfTogsbg7gZNVY4sRDYZ/4=
github.com/robfig/cron/v3 v3.0.1 h1:WdRxkvbJztn8LMz/QEvLN5sBU+xKpSqwwUO1Pjr4qDs=
github.com/robfig/cron/v3 v3.0.1/go.mod h1:eQICP3HwyT7UooqI/z+Ov+PtYAWygg1TEWWzGIFLtro=
github.com/stretchr/testify v1.8.1 h1:w7B6lhMri9wdJUVmEZPGGhZzrYTPvgJArz7wNPgYKsk=
github.com/stretchr/testify v1.8.1/go.mod h1:w2LPCIKwWwSfY2zedu0+kehJoqGctiVI29o6fzry7u4=
go.uber.org/goleak v1.3.0 h1:2K3zAYmnTNqV73imy9J1T3WC+gmCePx2hEGkimedGto=
go.uber.org/goleak v1.3.0/go.mod h1:CoHD4mav9JJNrW/WLlf7HGZPjdw8EucARQHekz1X6bE=
go.uber.org/multierr v1.10.0 h1:S0h4aNzvfcFsC3dRF1jLoaov7oRaKqRGC/pUEJ2yvPQ=
go.uber.org/multierr v1.10.0/go.mod h1:20+QtiLqy0Nd6FdQB9TLXag12DsQkrbs3htMFfDN80Y=
go.uber.org/zap v1.28.0 h1:IZzaP1Fv73/T/pBMLk4VutPl36uNC+OSUh3JLG3FIjo=
go.uber.org/zap v1.28.0/go.mod h1:rDLpOi171uODNm/mxFcuYWxDsqWSAVkFdX4XojSKg/Q=
go.yaml.in/yaml/v3 v3.0.4 h1:tfq32ie2Jv2UxXFdLJdh3jXuOzWiL1fo0bu/FbuKpbc=
go.yaml.in/yaml/v3 v3.0.4/go.mod h1:DhzuOOF2ATzADvBadXxruRBLzYTpT36CKvDb3+aBEFg=
golang.org/x/crypto v0.53.0 h1:QZ4Muo8THX6CizN2vPPd5fBGHyogrdK9fG4wLPFUsto=
golang.org/x/crypto v0.53.0/go.mod h1:DNLU434OwVakk9PzuwV8w62mAJpRJL3vsgcfp4Qnsio=
golang.org/x/sys v0.21.0/go.mod h1:/VUhepiaJMQUp4+oa/7Zr1D23ma6VTLIYjOOTFZPUcA=
golang.org/x/sys v0.47.0 h1:o7XGOvZQCADBQQ4Y7VNq2dRWQR7JmOUW8Kxx4ZsNgWs=
golang.org/x/sys v0.47.0/go.mod h1:4GL1E5IUh+htKOUEOaiffhrAeqysfVGipDYzABqnCmw=
golang.org/x/time v0.15.0 h1:bbrp8t3bGUeFOx08pvsMYRTCVSMk89u4tKbNOZbp88U=
golang.org/x/time v0.15.0/go.mod h1:Y4YMaQmXwGQZoFaVFk4YpCt4FLQMYKZe9oeV/f4MSno=
gopkg.in/yaml.v3 v3.0.1 h1:fxVm/GzAzEWqLHuvctI91KS9hhNmmWOoWu0XTYJS7CA=
gopkg.in/yaml.v3 v3.0.1/go.mod h1:K4uyk7z7BCEPqu6E+C64Yfv1cQ7kz7rIZviUmN+EgEM=
